<?xml version="1.0" encoding="utf-8"?>
<Project ToolsVersion="4.0" xmlns="http://schemas.microsoft.com/developer/msbuild/2003">
  <ItemGroup>
    <Filter Include="GunEngine">
      <UniqueIdentifier>{C50A31F7-3175-E56D-7AB3-9613E65CC3C2}</UniqueIdentifier>
    </Filter>
    <Filter Include="GunEngine\Events">
      <UniqueIdentifier>{09478002-F53F-9F54-1E72-84D90ACA7E60}</UniqueIdentifier>
    </Filter>
    <Filter Include="GunEngine\Platform">
      <UniqueIdentifier>{B934CCBF-A518-8D15-0E79-8768FA7B7797}</UniqueIdentifier>
    </Filter>
    <Filter Include="GunEngine\Platform\Windows">
      <UniqueIdentifier>{F387BBC6-DF97-6797-4851-CCB534805630}</UniqueIdentifier>
    </Filter>
  </ItemGroup>
  <ItemGroup>
    <ClInclude Include="src\GunEngine.h" />
    <ClInclude Include="src\GunEngine\Application.h">
      <Filter>GunEngine</Filter>
    </ClInclude>
    <ClInclude Include="src\GunEngine\Core.h">
      <Filter>GunEngine</Filter>
    </ClInclude>
    <ClInclude Include="src\GunEngine\Entrypoint.h">
      <Filter>GunEngine</Filter>
    </ClInclude>
    <ClInclude Include="src\GunEngine\Events\ApplicationEvent.h">
      <Filter>GunEngine\Events</Filter>
    </ClInclude>
    <ClInclude Include="src\GunEngine\Events\Event.h">
      <Filter>GunEngine\Events</Filter>
    </ClInclude>
    <ClInclude Include="src\GunEngine\Events\KeyEvent.h">
      <Filter>GunEngine\Events</Filter>
    </ClInclude>
    <ClInclude Include="src\GunEngine\Events\MouseEvent.h">
      <Filter>GunEngine\Events</Filter>
    </ClInclude>
    <ClInclude Include="src\GunEngine\Layer.h">
      <Filter>GunEngine</Filter>
    </ClInclude>
    <ClInclude Include="src\GunEngine\LayerStack.h">
      <Filter>GunEngine</Filter>
    </ClInclude>
    <ClInclude Include="src\GunEngine\Log.h">
      <Filter>GunEngine</Filter>
    </ClInclude>
    <ClInclude Include="src\GunEngine\Platform\Windows\WindowsWindow.h">
      <Filter>GunEngine\Platform\Windows</Filter>
    </ClInclude>
    <ClInclude Include="src\GunEngine\Window.h">
      <Filter>GunEngine</Filter>
    </ClInclude>
    <ClInclude Include="src\gepch.h" />
  </ItemGroup>
  <ItemGroup>
    <ClCompile Include="src\GunEngine\Application.cpp">
      <Filter>GunEngine</Filter>
    </ClCompile>
    <ClCompile Include="src\GunEngine\Layer.cpp">
      <Filter>GunEngine</Filter>
    </ClCompile>
    <ClCompile Include="src\GunEngine\LayerStack.cpp">
      <Filter>GunEngine</Filter>
    </ClCompile>
    <ClCompile Include="src\GunEngine\Log.cpp">
      <Filter>GunEngine</Filter>
    </ClCompile>
    <ClCompile Include="src\GunEngine\Platform\Windows\WindowsWindow.cpp">
      <Filter>GunEngine\Platform\Windows</Filter>
    </ClCompile>
    <ClCompile Include="src\gepch.cpp" />
  </ItemGroup>
</Project>